
Microsoft Visual Studio Solution File, Format Version 12.00
# Visual Studio Version 17
VisualStudioVersion = 17.9.34622.214
MinimumVisualStudioVersion = 10.0.40219.1
Project("{8BC9CEB8-8B4A-11D0-8D11-00A0C91BC942}") = "Chomework5", "Chomework5.vcxproj", "{B73365C2-2B6E-4CE9-8467-D114A040AA8E}"
EndProject
Global
	GlobalSection(SolutionConfigurationPlatforms) = preSolution
		Debug|x64 = Debug|x64
		Debug|x86 = Debug|x86
		Release|x64 = Release|x64
		Release|x86 = Release|x86
	EndGlobalSection
	GlobalSection(ProjectConfigurationPlatforms) = postSolution
		{B73365C2-2B6E-4CE9-8467-D114A040AA8E}.Debug|x64.ActiveCfg = Debug|x64
		{B73365C2-2B6E-4CE9-8467-D114A040AA8E}.Debug|x64.Build.0 = Debug|x64
		{B73365C2-2B6E-4CE9-8467-D114A040AA8E}.Debug|x86.ActiveCfg = Debug|Win32
		{B73365C2-2B6E-4CE9-8467-D114A040AA8E}.Debug|x86.Build.0 = Debug|Win32
		{B73365C2-2B6E-4CE9-8467-D114A040AA8E}.Release|x64.ActiveCfg = Release|x64
		{B73365C2-2B6E-4CE9-8467-D114A040AA8E}.Release|x64.Build.0 = Release|x64
		{B73365C2-2B6E-4CE9-8467-D114A040AA8E}.Release|x86.ActiveCfg = Release|Win32
		{B73365C2-2B6E-4CE9-8467-D114A040AA8E}.Release|x86.Build.0 = Release|Win32
	EndGlobalSection
	GlobalSection(SolutionProperties) = preSolution
		HideSolutionNode = FALSE
	EndGlobalSection
	GlobalSection(ExtensibilityGlobals) = postSolution
		SolutionGuid = {4E425D7B-9F20-447B-A2A6-4E4D2718659F}
	EndGlobalSection
EndGlobal
